
Microsoft Visual Studio Solution File, Format Version 12.00
# Visual Studio 14
VisualStudioVersion = 14.0.24720.0
MinimumVisualStudioVersion = 10.0.40219.1
Project("{FAE04EC0-301F-11D3-BF4B-00C04F79EFBC}") = "MVC5Course", "MVC5Course\MVC5Course.csproj", "{F05FD365-217D-40BA-B3E2-8FFA108254A0}"
EndProject
Project("{FAE04EC0-301F-11D3-BF4B-00C04F79EFBC}") = "ProductsApp", "ProductsApp\ProductsApp.csproj", "{D8E7CA41-8473-4BE9-8DA5-9716B23EDD8B}"
EndProject
Global
	GlobalSection(SolutionConfigurationPlatforms) = preSolution
		Debug|Any CPU = Debug|Any CPU
		Release|Any CPU = Release|Any CPU
	EndGlobalSection
	GlobalSection(ProjectConfigurationPlatforms) = postSolution
		{F05FD365-217D-40BA-B3E2-8FFA108254A0}.Debug|Any CPU.ActiveCfg = Debug|Any CPU
		{F05FD365-217D-40BA-B3E2-8FFA108254A0}.Debug|Any CPU.Build.0 = Debug|Any CPU
		{F05FD365-217D-40BA-B3E2-8FFA108254A0}.Release|Any CPU.ActiveCfg = Release|Any CPU
		{F05FD365-217D-40BA-B3E2-8FFA108254A0}.Release|Any CPU.Build.0 = Release|Any CPU
		{D8E7CA41-8473-4BE9-8DA5-9716B23EDD8B}.Debug|Any CPU.ActiveCfg = Debug|Any CPU
		{D8E7CA41-8473-4BE9-8DA5-9716B23EDD8B}.Debug|Any CPU.Build.0 = Debug|Any CPU
		{D8E7CA41-8473-4BE9-8DA5-9716B23EDD8B}.Release|Any CPU.ActiveCfg = Release|Any CPU
		{D8E7CA41-8473-4BE9-8DA5-9716B23EDD8B}.Release|Any CPU.Build.0 = Release|Any CPU
	EndGlobalSection
	GlobalSection(SolutionProperties) = preSolution
		HideSolutionNode = FALSE
	EndGlobalSection
EndGlobal
